github.com/armon/go-radix v1.0.0 h1:F4z6KzEeeQIMeLFa97iZU6vupzoecKdU5TX24SNppXI=
github.com/armon/go-radix v1.0.0/go.mod h1:ufUuZ+zHj4x4TnLV4JWEpy2hxWSpsRywHrMgIH9cCH8=
github.com/davecgh/go-spew v1.1.1 h1:vj9j/u1bqnvCEfJOwUhtlOARqs3+rkHYY13jYWTU97c=
github.com/davecgh/go-spew v1.1.1/go.mod h1:J7Y8YcW2NihsgmVo/mv3lAwl/skON4iLHjSsI+c5H38=
github.com/flectolab/flecto-manager/common v0.0.0-20260102175521-cd4b817627fa h1:SIX/sK/wsXy2gVyaaUUx3j8M/Sp6IM9Rd64pz6ZcyZo=
github.com/flectolab/flecto-manager/common v0.0.0-20260102175521-cd4b817627fa/go.mod h1:PaM+Q7vqi9F4eHF2xNLEc+TVE/Af8lgn3caDFGZcF64=
github.com/flectolab/flecto-manager/common v0.0.0-20260103104435-35a5fb363fe8 h1:HvOGCkrcVEaHu34+E4WUcizwSWk6gr4JpBTNk90gNAA=
github.com/flectolab/flecto-manager/common v0.0.0-20260103104435-35a5fb363fe8/go.mod h1:PaM+Q7vqi9F4eHF2xNLEc+TVE/Af8lgn3caDFGZcF64=
github.com/flectolab/flecto-manager/common v0.0.0-20260104160959-cf682250fea5 h1:f0hQpy6+8iuBp0hUkNxhCZxDAGz2oXblmQykNI1OmO4=
github.com/flectolab/flecto-manager/common v0.0.0-20260104160959-cf682250fea5/go.mod h1:PaM+Q7vqi9F4eHF2xNLEc+TVE/Af8lgn3caDFGZcF64=
github.com/flectolab/flecto-manager/common v0.0.0-20260104162932-99e445b6c5ed h1:Lbpcu92ouKvqFswDrA579z2y8Z+WwobbFJheOklgPTM=
github.com/flectolab/flecto-manager/common v0.0.0-20260104162932-99e445b6c5ed/go.mod h1:PaM+Q7vqi9F4eHF2xNLEc+TVE/Af8lgn3caDFGZcF64=
github.com/flectolab/flecto-manager/common v0.0.0-20260104170719-5bd6b786098d h1:GsRUKzvRz7njR2oEKnQhB0OLP/zAGa5jUBthEwSFFuM=
github.com/flectolab/flecto-manager/common v0.0.0-20260104170719-5bd6b786098d/go.mod h1:PaM+Q7vqi9F4eHF2xNLEc+TVE/Af8lgn3caDFGZcF64=
github.com/flectolab/flecto-manager/common v0.0.0-20260124155524-91d818373375 h1:UXH0GEMehkTMGzfJSFVEjbcEUWg6/+2rc8xbYBGzYVw=
github.com/flectolab/flecto-manager/common v0.0.0-20260124155524-91d818373375/go.mod h1:PaM+Q7vqi9F4eHF2xNLEc+TVE/Af8lgn3caDFGZcF64=
github.com/flectolab/flecto-manager/common v0.0.1 h1:2os9S+J5KormT2h4+UE37pQ4UM474JJdvSfx2Rqc2GU=
github.com/flectolab/flecto-manager/common v0.0.1/go.mod h1:PaM+Q7vqi9F4eHF2xNLEc+TVE/Af8lgn3caDFGZcF64=
github.com/jonboulle/clockwork v0.4.0 h1:p4Cf1aMWXnXAUh8lVfewRBx1zaTSYKrKMF2g3ST4RZ4=
github.com/jonboulle/clockwork v0.4.0/go.mod h1:xgRqUGwRcjKCO1vbZUEtSLrqKoPSsUpK7fnezOII0kc=
github.com/jonboulle/clockwork v0.5.0 h1:Hyh9A8u51kptdkR+cqRpT1EebBwTn1oK9YfGYbdFz6I=
github.com/jonboulle/clockwork v0.5.0/go.mod h1:3mZlmanh0g2NDKO5TWZVJAfofYk64M7XN3SzBPjZF60=
github.com/pmezard/go-difflib v1.0.0 h1:4DBwDE0NGyQoBHbLQYPwSUPoCMWR5BEzIk/f1lZbAQM=
github.com/pmezard/go-difflib v1.0.0/go.mod h1:iKH77koFhYxTK1pcRnkKkqfTogsbg7gZNVY4sRDYZ/4=
github.com/stretchr/testify v1.11.1 h1:7s2iGBzp5EwR7/aIZr8ao5+dra3wiQyKjjFuvgVKu7U=
github.com/stretchr/testify v1.11.1/go.mod h1:wZwfW3scLgRK+23gO65QZefKpKQRnfz6sD981Nm4B6U=
gopkg.in/check.v1 v0.0.0-20161208181325-20d25e280405 h1:yhCVgyC4o1eVCa2tZl7eS0r+SDo693bJlVdllGtEeKM=
gopkg.in/check.v1 v0.0.0-20161208181325-20d25e280405/go.mod h1:Co6ibVJAznAaIkqp8huTwlJQCZ016jof/cbN4VW5Yz0=
gopkg.in/yaml.v3 v3.0.1 h1:fxVm/GzAzEWqLHuvctI91KS9hhNmmWOoWu0XTYJS7CA=
gopkg.in/yaml.v3 v3.0.1/go.mod h1:K4uyk7z7BCEPqu6E+C64Yfv1cQ7kz7rIZviUmN+EgEM=
